
Microsoft Visual Studio Solution File, Format Version 12.00
Project("{FAE04EC0-301F-11D3-BF4B-00C04F79EFBC}") = "SharpVision.Tests", "SharpVision.Tests\SharpVision.Tests.csproj", "{8FD1A762-E32D-4CC6-BF84-1EC874EBE522}"
EndProject
Global
	GlobalSection(SolutionConfigurationPlatforms) = preSolution
		Debug|Any CPU = Debug|Any CPU
		Release|Any CPU = Release|Any CPU
	EndGlobalSection
	GlobalSection(ProjectConfigurationPlatforms) = postSolution
		{8FD1A762-E32D-4CC6-BF84-1EC874EBE522}.Debug|Any CPU.ActiveCfg = Debug|Any CPU
		{8FD1A762-E32D-4CC6-BF84-1EC874EBE522}.Debug|Any CPU.Build.0 = Debug|Any CPU
		{8FD1A762-E32D-4CC6-BF84-1EC874EBE522}.Release|Any CPU.ActiveCfg = Release|Any CPU
		{8FD1A762-E32D-4CC6-BF84-1EC874EBE522}.Release|Any CPU.Build.0 = Release|Any CPU
	EndGlobalSection
EndGlobal
